Microsoft Visual Studio Solution File, Format Version 12.00
# Visual Studio Version 17
VisualStudioVersion = 17.5.2.0
MinimumVisualStudioVersion = 10.0.40219.1
Project("{FAE04EC0-301F-11D3-BF4B-00C04F79EFBC}") = "api-functions", "api-functions\api-functions.csproj", "{22E89718-61C9-B5C8-90DD-2951A5379A2D}"
EndProject
Project("{2150E333-8FDC-42A3-9474-1A3956D46DE8}") = "api-functions (1)", "api-functions (1)", "{7FC9CE03-A3FC-A959-82EC-E85DB16B93AA}"
EndProject
Project("{2150E333-8FDC-42A3-9474-1A3956D46DE8}") = "obj", "obj", "{2770983A-CC4A-80F0-4D94-5E142C9DA8F9}"
EndProject
Project("{2150E333-8FDC-42A3-9474-1A3956D46DE8}") = "Debug", "Debug", "{0C61A751-69E6-4578-C6B7-E8BF3C4C6B85}"
EndProject
Project("{2150E333-8FDC-42A3-9474-1A3956D46DE8}") = "net8.0", "net8.0", "{87849767-7589-FC77-EDD5-FD4DF467410C}"
EndProject
Project("{FAE04EC0-301F-11D3-BF4B-00C04F79EFBC}") = "WorkerExtensions", "api-functions\obj\Debug\net8.0\WorkerExtensions\WorkerExtensions.csproj", "{A2FFD554-4183-8F16-1CC1-A55D7F918C18}"
EndProject
Global
	GlobalSection(SolutionConfigurationPlatforms) = preSolution
		Debug|Any CPU = Debug|Any CPU
		Release|Any CPU = Release|Any CPU
	EndGlobalSection
	GlobalSection(ProjectConfigurationPlatforms) = postSolution
		{22E89718-61C9-B5C8-90DD-2951A5379A2D}.Debug|Any CPU.ActiveCfg = Debug|Any CPU
		{22E89718-61C9-B5C8-90DD-2951A5379A2D}.Debug|Any CPU.Build.0 = Debug|Any CPU
		{22E89718-61C9-B5C8-90DD-2951A5379A2D}.Release|Any CPU.ActiveCfg = Release|Any CPU
		{22E89718-61C9-B5C8-90DD-2951A5379A2D}.Release|Any CPU.Build.0 = Release|Any CPU
		{A2FFD554-4183-8F16-1CC1-A55D7F918C18}.Debug|Any CPU.ActiveCfg = Debug|Any CPU
		{A2FFD554-4183-8F16-1CC1-A55D7F918C18}.Debug|Any CPU.Build.0 = Debug|Any CPU
		{A2FFD554-4183-8F16-1CC1-A55D7F918C18}.Release|Any CPU.ActiveCfg = Release|Any CPU
		{A2FFD554-4183-8F16-1CC1-A55D7F918C18}.Release|Any CPU.Build.0 = Release|Any CPU
	EndGlobalSection
	GlobalSection(SolutionProperties) = preSolution
		HideSolutionNode = FALSE
	EndGlobalSection
	GlobalSection(NestedProjects) = preSolution
		{2770983A-CC4A-80F0-4D94-5E142C9DA8F9} = {7FC9CE03-A3FC-A959-82EC-E85DB16B93AA}
		{0C61A751-69E6-4578-C6B7-E8BF3C4C6B85} = {2770983A-CC4A-80F0-4D94-5E142C9DA8F9}
		{87849767-7589-FC77-EDD5-FD4DF467410C} = {0C61A751-69E6-4578-C6B7-E8BF3C4C6B85}
		{A2FFD554-4183-8F16-1CC1-A55D7F918C18} = {87849767-7589-FC77-EDD5-FD4DF467410C}
	EndGlobalSection
	GlobalSection(ExtensibilityGlobals) = postSolution
		SolutionGuid = {039AA25C-7D62-4017-A314-13FC9052B496}
	EndGlobalSection
EndGlobal
